// !$*UTF8*$!
{
	archiveVersion = 1;
	classes = {
	};
	objectVersion = 52;
	objects = {

/* Begin PBXBuildFile section */
		F2C27BB925C02CD6008CF393 /* UITableView+extensions.swift in Sources */ = {isa = PBXBuildFile; fileRef = F2C27BB325C02CD6008CF393 /* UITableView+extensions.swift */; };
		F2C27BBA25C02CD6008CF393 /* UIView+Extension.swift in Sources */ = {isa = PBXBuildFile; fileRef = F2C27BB425C02CD6008CF393 /* UIView+Extension.swift */; };
		F2C27BBB25C02CD6008CF393 /* Date+Extensions.swift in Sources */ = {isa = PBXBuildFile; fileRef = F2C27BB525C02CD6008CF393 /* Date+Extensions.swift */; };
		F2C27BBC25C02CD6008CF393 /* UICollectionView+Extensions.swift in Sources */ = {isa = PBXBuildFile; fileRef = F2C27BB625C02CD6008CF393 /* UICollectionView+Extensions.swift */; };
		F2C27BBD25C02CD6008CF393 /* NSObject+Extensions.swift in Sources */ = {isa = PBXBuildFile; fileRef = F2C27BB725C02CD6008CF393 /* NSObject+Extensions.swift */; };
		F2C27BBE25C02CD6008CF393 /* Int+Extensions.swift in Sources */ = {isa = PBXBuildFile; fileRef = F2C27BB825C02CD6008CF393 /* Int+Extensions.swift */; };
		F2C27BC525C02D83008CF393 /* MealCell.swift in Sources */ = {isa = PBXBuildFile; fileRef = F2C27BC325C02D83008CF393 /* MealCell.swift */; };
		F2C27BC625C02D83008CF393 /* MealCell.xib in Resources */ = {isa = PBXBuildFile; fileRef = F2C27BC425C02D83008CF393 /* MealCell.xib */; };
		F2CDB74E25C00F4500057275 /* AppDelegate.swift in Sources */ = {isa = PBXBuildFile; fileRef = F2CDB74D25C00F4500057275 /* AppDelegate.swift */; };
		F2CDB75725C00F4900057275 /* Assets.xcassets in Resources */ = {isa = PBXBuildFile; fileRef = F2CDB75625C00F4900057275 /* Assets.xcassets */; };
		F2CDB75A25C00F4900057275 /* LaunchScreen.storyboard in Resources */ = {isa = PBXBuildFile; fileRef = F2CDB75825C00F4900057275 /* LaunchScreen.storyboard */; };
		F2CDB76525C00F4A00057275 /* mealSistemaTests.swift in Sources */ = {isa = PBXBuildFile; fileRef = F2CDB76425C00F4A00057275 /* mealSistemaTests.swift */; };
		F2CDB77025C00F4A00057275 /* mealSistemaUITests.swift in Sources */ = {isa = PBXBuildFile; fileRef = F2CDB76F25C00F4A00057275 /* mealSistemaUITests.swift */; };
		F2CDB78225C0123D00057275 /* Alamofire in Frameworks */ = {isa = PBXBuildFile; productRef = F2CDB78125C0123D00057275 /* Alamofire */; };
		F2CDB78825C0136100057275 /* Kingfisher in Frameworks */ = {isa = PBXBuildFile; productRef = F2CDB78725C0136100057275 /* Kingfisher */; };
		F2CDB79125C013CE00057275 /* APIRouter.swift in Sources */ = {isa = PBXBuildFile; fileRef = F2CDB78D25C013CD00057275 /* APIRouter.swift */; };
		F2CDB79225C013CE00057275 /* APIConfiguration.swift in Sources */ = {isa = PBXBuildFile; fileRef = F2CDB78E25C013CE00057275 /* APIConfiguration.swift */; };
		F2CDB79325C013CE00057275 /* APIClient.swift in Sources */ = {isa = PBXBuildFile; fileRef = F2CDB78F25C013CE00057275 /* APIClient.swift */; };
		F2CDB79425C013CE00057275 /* Constants.swift in Sources */ = {isa = PBXBuildFile; fileRef = F2CDB79025C013CE00057275 /* Constants.swift */; };
		F2CDB79F25C01B1F00057275 /* MealResponse.swift in Sources */ = {isa = PBXBuildFile; fileRef = F2CDB79E25C01B1F00057275 /* MealResponse.swift */; };
		F2CDB7A725C01D6B00057275 /* MealViewModel.swift in Sources */ = {isa = PBXBuildFile; fileRef = F2CDB7A625C01D6B00057275 /* MealViewModel.swift */; };
		F2CDB7AE25C01DDC00057275 /* AppCoordinator.swift in Sources */ = {isa = PBXBuildFile; fileRef = F2CDB7AD25C01DDC00057275 /* AppCoordinator.swift */; };
		F2CDB7B625C01E0200057275 /* Coordinator.swift in Sources */ = {isa = PBXBuildFile; fileRef = F2CDB7B525C01E0200057275 /* Coordinator.swift */; };
		F2CDB7C525C0208900057275 /* MealTVC.swift in Sources */ = {isa = PBXBuildFile; fileRef = F2CDB7C325C0208900057275 /* MealTVC.swift */; };
		F2CDB7C625C0208900057275 /* MealTVC.xib in Resources */ = {isa = PBXBuildFile; fileRef = F2CDB7C425C0208900057275 /* MealTVC.xib */; };
		F2CDB7CD25C021E700057275 /* BaseViewModel.swift in Sources */ = {isa = PBXBuildFile; fileRef = F2CDB7CC25C021E700057275 /* BaseViewModel.swift */; };
/* End PBXBuildFile section */

/* Begin PBXContainerItemProxy section */
		F2CDB76125C00F4A00057275 /* PBXContainerItemProxy */ = {
			isa = PBXContainerItemProxy;
			containerPortal = F2CDB74225C00F4500057275 /* Project object */;
			proxyType = 1;
			remoteGlobalIDString = F2CDB74925C00F4500057275;
			remoteInfo = mealSistema;
		};
		F2CDB76C25C00F4A00057275 /* PBXContainerItemProxy */ = {
			isa = PBXContainerItemProxy;
			containerPortal = F2CDB74225C00F4500057275 /* Project object */;
			proxyType = 1;
			remoteGlobalIDString = F2CDB74925C00F4500057275;
			remoteInfo = mealSistema;
		};
/* End PBXContainerItemProxy section */

/* Begin PBXFileReference section */
		F2C27BB325C02CD6008CF393 /* UITableView+extensions.swift */ = {isa = PBXFileReference; fileEncoding = 4; lastKnownFileType = sourcecode.swift; path = "UITableView+extensions.swift"; sourceTree = "<group>"; };
		F2C27BB425C02CD6008CF393 /* UIView+Extension.swift */ = {isa = PBXFileReference; fileEncoding = 4; lastKnownFileType = sourcecode.swift; path = "UIView+Extension.swift"; sourceTree = "<group>"; };
		F2C27BB525C02CD6008CF393 /* Date+Extensions.swift */ = {isa = PBXFileReference; fileEncoding = 4; lastKnownFileType = sourcecode.swift; path = "Date+Extensions.swift"; sourceTree = "<group>"; };
		F2C27BB625C02CD6008CF393 /* UICollectionView+Extensions.swift */ = {isa = PBXFileReference; fileEncoding = 4; lastKnownFileType = sourcecode.swift; path = "UICollectionView+Extensions.swift"; sourceTree = "<group>"; };
		F2C27BB725C02CD6008CF393 /* NSObject+Extensions.swift */ = {isa = PBXFileReference; fileEncoding = 4; lastKnownFileType = sourcecode.swift; path = "NSObject+Extensions.swift"; sourceTree = "<group>"; };
		F2C27BB825C02CD6008CF393 /* Int+Extensions.swift */ = {isa = PBXFileReference; fileEncoding = 4; lastKnownFileType = sourcecode.swift; path = "Int+Extensions.swift"; sourceTree = "<group>"; };
		F2C27BC325C02D83008CF393 /* MealCell.swift */ = {isa = PBXFileReference; lastKnownFileType = sourcecode.swift; path = MealCell.swift; sourceTree = "<group>"; };
		F2C27BC425C02D83008CF393 /* MealCell.xib */ = {isa = PBXFileReference; lastKnownFileType = file.xib; path = MealCell.xib; sourceTree = "<group>"; };
		F2CDB74A25C00F4500057275 /* mealSistema.app */ = {isa = PBXFileReference; explicitFileType = wrapper.application; includeInIndex = 0; path = mealSistema.app; sourceTree = BUILT_PRODUCTS_DIR; };
		F2CDB74D25C00F4500057275 /* AppDelegate.swift */ = {isa = PBXFileReference; lastKnownFileType = sourcecode.swift; path = AppDelegate.swift; sourceTree = "<group>"; };
		F2CDB75625C00F4900057275 /* Assets.xcassets */ = {isa = PBXFileReference; lastKnownFileType = folder.assetcatalog; path = Assets.xcassets; sourceTree = "<group>"; };
		F2CDB75925C00F4900057275 /* Base */ = {isa = PBXFileReference; lastKnownFileType = file.storyboard; name = Base; path = Base.lproj/LaunchScreen.storyboard; sourceTree = "<group>"; };
		F2CDB75B25C00F4900057275 /* Info.plist */ = {isa = PBXFileReference; lastKnownFileType = text.plist.xml; path = Info.plist; sourceTree = "<group>"; };
		F2CDB76025C00F4A00057275 /* mealSistemaTests.xctest */ = {isa = PBXFileReference; explicitFileType = wrapper.cfbundle; includeInIndex = 0; path = mealSistemaTests.xctest; sourceTree = BUILT_PRODUCTS_DIR; };
		F2CDB76425C00F4A00057275 /* mealSistemaTests.swift */ = {isa = PBXFileReference; lastKnownFileType = sourcecode.swift; path = mealSistemaTests.swift; sourceTree = "<group>"; };
		F2CDB76625C00F4A00057275 /* Info.plist */ = {isa = PBXFileReference; lastKnownFileType = text.plist.xml; path = Info.plist; sourceTree = "<group>"; };
		F2CDB76B25C00F4A00057275 /* mealSistemaUITests.xctest */ = {isa = PBXFileReference; explicitFileType = wrapper.cfbundle; includeInIndex = 0; path = mealSistemaUITests.xctest; sourceTree = BUILT_PRODUCTS_DIR; };
		F2CDB76F25C00F4A00057275 /* mealSistemaUITests.swift */ = {isa = PBXFileReference; lastKnownFileType = sourcecode.swift; path = mealSistemaUITests.swift; sourceTree = "<group>"; };
		F2CDB77125C00F4A00057275 /* Info.plist */ = {isa = PBXFileReference; lastKnownFileType = text.plist.xml; path = Info.plist; sourceTree = "<group>"; };
		F2CDB78D25C013CD00057275 /* APIRouter.swift */ = {isa = PBXFileReference; fileEncoding = 4; lastKnownFileType = sourcecode.swift; path = APIRouter.swift; sourceTree = "<group>"; };
		F2CDB78E25C013CE00057275 /* APIConfiguration.swift */ = {isa = PBXFileReference; fileEncoding = 4; lastKnownFileType = sourcecode.swift; path = APIConfiguration.swift; sourceTree = "<group>"; };
		F2CDB78F25C013CE00057275 /* APIClient.swift */ = {isa = PBXFileReference; fileEncoding = 4; lastKnownFileType = sourcecode.swift; path = APIClient.swift; sourceTree = "<group>"; };
		F2CDB79025C013CE00057275 /* Constants.swift */ = {isa = PBXFileReference; fileEncoding = 4; lastKnownFileType = sourcecode.swift; path = Constants.swift; sourceTree = "<group>"; };
		F2CDB79E25C01B1F00057275 /* MealResponse.swift */ = {isa = PBXFileReference; lastKnownFileType = sourcecode.swift; path = MealResponse.swift; sourceTree = "<group>"; };
		F2CDB7A625C01D6B00057275 /* MealViewModel.swift */ = {isa = PBXFileReference; lastKnownFileType = sourcecode.swift; path = MealViewModel.swift; sourceTree = "<group>"; xcLanguageSpecificationIdentifier = xcode.lang.swift; };
		F2CDB7AD25C01DDC00057275 /* AppCoordinator.swift */ = {isa = PBXFileReference; lastKnownFileType = sourcecode.swift; path = AppCoordinator.swift; sourceTree = "<group>"; };
		F2CDB7B525C01E0200057275 /* Coordinator.swift */ = {isa = PBXFileReference; lastKnownFileType = sourcecode.swift; path = Coordinator.swift; sourceTree = "<group>"; };
		F2CDB7C325C0208900057275 /* MealTVC.swift */ = {isa = PBXFileReference; lastKnownFileType = sourcecode.swift; path = MealTVC.swift; sourceTree = "<group>"; };
		F2CDB7C425C0208900057275 /* MealTVC.xib */ = {isa = PBXFileReference; lastKnownFileType = file.xib; path = MealTVC.xib; sourceTree = "<group>"; };
		F2CDB7CC25C021E700057275 /* BaseViewModel.swift */ = {isa = PBXFileReference; lastKnownFileType = sourcecode.swift; path = BaseViewModel.swift; sourceTree = "<group>"; };
/* End PBXFileReference section */

/* Begin PBXFrameworksBuildPhase section */
		F2CDB74725C00F4500057275 /* Frameworks */ = {
			isa = PBXFrameworksBuildPhase;
			buildActionMask = 2147483647;
			files = (
				F2CDB78825C0136100057275 /* Kingfisher in Frameworks */,
				F2CDB78225C0123D00057275 /* Alamofire in Frameworks */,
			);
			runOnlyForDeploymentPostprocessing = 0;
		};
		F2CDB75D25C00F4A00057275 /* Frameworks */ = {
			isa = PBXFrameworksBuildPhase;
			buildActionMask = 2147483647;
			files = (
			);
			runOnlyForDeploymentPostprocessing = 0;
		};
		F2CDB76825C00F4A00057275 /* Frameworks */ = {
			isa = PBXFrameworksBuildPhase;
			buildActionMask = 2147483647;
			files = (
			);
			runOnlyForDeploymentPostprocessing = 0;
		};
/* End PBXFrameworksBuildPhase section */

/* Begin PBXGroup section */
		F2C27BB225C02CB5008CF393 /* Extensions */ = {
			isa = PBXGroup;
			children = (
				F2C27BB525C02CD6008CF393 /* Date+Extensions.swift */,
				F2C27BB825C02CD6008CF393 /* Int+Extensions.swift */,
				F2C27BB725C02CD6008CF393 /* NSObject+Extensions.swift */,
				F2C27BB625C02CD6008CF393 /* UICollectionView+Extensions.swift */,
				F2C27BB325C02CD6008CF393 /* UITableView+extensions.swift */,
				F2C27BB425C02CD6008CF393 /* UIView+Extension.swift */,
			);
			path = Extensions;
			sourceTree = "<group>";
		};
		F2C27BC225C02D6B008CF393 /* Views */ = {
			isa = PBXGroup;
			children = (
				F2C27BC325C02D83008CF393 /* MealCell.swift */,
				F2C27BC425C02D83008CF393 /* MealCell.xib */,
			);
			path = Views;
			sourceTree = "<group>";
		};
		F2CDB74125C00F4500057275 = {
			isa = PBXGroup;
			children = (
				F2CDB74C25C00F4500057275 /* mealSistema */,
				F2CDB76325C00F4A00057275 /* mealSistemaTests */,
				F2CDB76E25C00F4A00057275 /* mealSistemaUITests */,
				F2CDB74B25C00F4500057275 /* Products */,
			);
			sourceTree = "<group>";
		};
		F2CDB74B25C00F4500057275 /* Products */ = {
			isa = PBXGroup;
			children = (
				F2CDB74A25C00F4500057275 /* mealSistema.app */,
				F2CDB76025C00F4A00057275 /* mealSistemaTests.xctest */,
				F2CDB76B25C00F4A00057275 /* mealSistemaUITests.xctest */,
			);
			name = Products;
			sourceTree = "<group>";
		};
		F2CDB74C25C00F4500057275 /* mealSistema */ = {
			isa = PBXGroup;
			children = (
				F2C27BB225C02CB5008CF393 /* Extensions */,
				F2CDB7CA25C021C800057275 /* Helpers */,
				F2CDB7AB25C01DB800057275 /* Coordinator */,
				F2CDB79825C0184900057275 /* Moduls */,
				F2CDB78C25C0138300057275 /* Network */,
				F2CDB74D25C00F4500057275 /* AppDelegate.swift */,
				F2CDB75625C00F4900057275 /* Assets.xcassets */,
				F2CDB75825C00F4900057275 /* LaunchScreen.storyboard */,
				F2CDB75B25C00F4900057275 /* Info.plist */,
			);
			path = mealSistema;
			sourceTree = "<group>";
		};
		F2CDB76325C00F4A00057275 /* mealSistemaTests */ = {
			isa = PBXGroup;
			children = (
				F2CDB76425C00F4A00057275 /* mealSistemaTests.swift */,
				F2CDB76625C00F4A00057275 /* Info.plist */,
			);
			path = mealSistemaTests;
			sourceTree = "<group>";
		};
		F2CDB76E25C00F4A00057275 /* mealSistemaUITests */ = {
			isa = PBXGroup;
			children = (
				F2CDB76F25C00F4A00057275 /* mealSistemaUITests.swift */,
				F2CDB77125C00F4A00057275 /* Info.plist */,
			);
			path = mealSistemaUITests;
			sourceTree = "<group>";
		};
		F2CDB78C25C0138300057275 /* Network */ = {
			isa = PBXGroup;
			children = (
				F2CDB78F25C013CE00057275 /* APIClient.swift */,
				F2CDB78E25C013CE00057275 /* APIConfiguration.swift */,
				F2CDB78D25C013CD00057275 /* APIRouter.swift */,
				F2CDB79025C013CE00057275 /* Constants.swift */,
			);
			path = Network;
			sourceTree = "<group>";
		};
		F2CDB79825C0184900057275 /* Moduls */ = {
			isa = PBXGroup;
			children = (
				F2CDB79925C0185800057275 /* Meal */,
			);
			path = Moduls;
			sourceTree = "<group>";
		};
		F2CDB79925C0185800057275 /* Meal */ = {
			isa = PBXGroup;
			children = (
				F2CDB79D25C01AF100057275 /* Models */,
				F2C27BC225C02D6B008CF393 /* Views */,
				F2CDB7A625C01D6B00057275 /* MealViewModel.swift */,
				F2CDB7C325C0208900057275 /* MealTVC.swift */,
				F2CDB7C425C0208900057275 /* MealTVC.xib */,
			);
			path = Meal;
			sourceTree = "<group>";
		};
		F2CDB79D25C01AF100057275 /* Models */ = {
			isa = PBXGroup;
			children = (
				F2CDB79E25C01B1F00057275 /* MealResponse.swift */,
			);
			path = Models;
			sourceTree = "<group>";
		};
		F2CDB7AB25C01DB800057275 /* Coordinator */ = {
			isa = PBXGroup;
			children = (
				F2CDB7AC25C01DC500057275 /* Application */,
				F2CDB7B525C01E0200057275 /* Coordinator.swift */,
			);
			path = Coordinator;
			sourceTree = "<group>";
		};
		F2CDB7AC25C01DC500057275 /* Application */ = {
			isa = PBXGroup;
			children = (
				F2CDB7AD25C01DDC00057275 /* AppCoordinator.swift */,
			);
			path = Application;
			sourceTree = "<group>";
		};
		F2CDB7CA25C021C800057275 /* Helpers */ = {
			isa = PBXGroup;
			children = (
				F2CDB7CB25C021D500057275 /* Base */,
			);
			path = Helpers;
			sourceTree = "<group>";
		};
		F2CDB7CB25C021D500057275 /* Base */ = {
			isa = PBXGroup;
			children = (
				F2CDB7CC25C021E700057275 /* BaseViewModel.swift */,
			);
			path = Base;
			sourceTree = "<group>";
		};
/* End PBXGroup section */

/* Begin PBXNativeTarget section */
		F2CDB74925C00F4500057275 /* mealSistema */ = {
			isa = PBXNativeTarget;
			buildConfigurationList = F2CDB77425C00F4A00057275 /* Build configuration list for PBXNativeTarget "mealSistema" */;
			buildPhases = (
				F2CDB74625C00F4500057275 /* Sources */,
				F2CDB74725C00F4500057275 /* Frameworks */,
				F2CDB74825C00F4500057275 /* Resources */,
			);
			buildRules = (
			);
			dependencies = (
			);
			name = mealSistema;
			packageProductDependencies = (
				F2CDB78125C0123D00057275 /* Alamofire */,
				F2CDB78725C0136100057275 /* Kingfisher */,
			);
			productName = mealSistema;
			productReference = F2CDB74A25C00F4500057275 /* mealSistema.app */;
			productType = "com.apple.product-type.application";
		};
		F2CDB75F25C00F4A00057275 /* mealSistemaTests */ = {
			isa = PBXNativeTarget;
			buildConfigurationList = F2CDB77725C00F4A00057275 /* Build configuration list for PBXNativeTarget "mealSistemaTests" */;
			buildPhases = (
				F2CDB75C25C00F4A00057275 /* Sources */,
				F2CDB75D25C00F4A00057275 /* Frameworks */,
				F2CDB75E25C00F4A00057275 /* Resources */,
			);
			buildRules = (
			);
			dependencies = (
				F2CDB76225C00F4A00057275 /* PBXTargetDependency */,
			);
			name = mealSistemaTests;
			productName = mealSistemaTests;
			productReference = F2CDB76025C00F4A00057275 /* mealSistemaTests.xctest */;
			productType = "com.apple.product-type.bundle.unit-test";
		};
		F2CDB76A25C00F4A00057275 /* mealSistemaUITests */ = {
			isa = PBXNativeTarget;
			buildConfigurationList = F2CDB77A25C00F4A00057275 /* Build configuration list for PBXNativeTarget "mealSistemaUITests" */;
			buildPhases = (
				F2CDB76725C00F4A00057275 /* Sources */,
				F2CDB76825C00F4A00057275 /* Frameworks */,
				F2CDB76925C00F4A00057275 /* Resources */,
			);
			buildRules = (
			);
			dependencies = (
				F2CDB76D25C00F4A00057275 /* PBXTargetDependency */,
			);
			name = mealSistemaUITests;
			productName = mealSistemaUITests;
			productReference = F2CDB76B25C00F4A00057275 /* mealSistemaUITests.xctest */;
			productType = "com.apple.product-type.bundle.ui-testing";
		};
/* End PBXNativeTarget section */

/* Begin PBXProject section */
		F2CDB74225C00F4500057275 /* Project object */ = {
			isa = PBXProject;
			attributes = {
				LastSwiftUpdateCheck = 1230;
				LastUpgradeCheck = 1230;
				TargetAttributes = {
					F2CDB74925C00F4500057275 = {
						CreatedOnToolsVersion = 12.3;
					};
					F2CDB75F25C00F4A00057275 = {
						CreatedOnToolsVersion = 12.3;
						TestTargetID = F2CDB74925C00F4500057275;
					};
					F2CDB76A25C00F4A00057275 = {
						CreatedOnToolsVersion = 12.3;
						TestTargetID = F2CDB74925C00F4500057275;
					};
				};
			};
			buildConfigurationList = F2CDB74525C00F4500057275 /* Build configuration list for PBXProject "mealSistema" */;
			compatibilityVersion = "Xcode 9.3";
			developmentRegion = en;
			hasScannedForEncodings = 0;
			knownRegions = (
				en,
				Base,
			);
			mainGroup = F2CDB74125C00F4500057275;
			packageReferences = (
				F2CDB78025C0123D00057275 /* XCRemoteSwiftPackageReference "Alamofire" */,
				F2CDB78625C0136100057275 /* XCRemoteSwiftPackageReference "Kingfisher" */,
			);
			productRefGroup = F2CDB74B25C00F4500057275 /* Products */;
			projectDirPath = "";
			projectRoot = "";
			targets = (
				F2CDB74925C00F4500057275 /* mealSistema */,
				F2CDB75F25C00F4A00057275 /* mealSistemaTests */,
				F2CDB76A25C00F4A00057275 /* mealSistemaUITests */,
			);
		};
/* End PBXProject section */

/* Begin PBXResourcesBuildPhase section */
		F2CDB74825C00F4500057275 /* Resources */ = {
			isa = PBXResourcesBuildPhase;
			buildActionMask = 2147483647;
			files = (
				F2C27BC625C02D83008CF393 /* MealCell.xib in Resources */,
				F2CDB75A25C00F4900057275 /* LaunchScreen.storyboard in Resources */,
				F2CDB7C625C0208900057275 /* MealTVC.xib in Resources */,
				F2CDB75725C00F4900057275 /* Assets.xcassets in Resources */,
			);
			runOnlyForDeploymentPostprocessing = 0;
		};
		F2CDB75E25C00F4A00057275 /* Resources */ = {
			isa = PBXResourcesBuildPhase;
			buildActionMask = 2147483647;
			files = (
			);
			runOnlyForDeploymentPostprocessing = 0;
		};
		F2CDB76925C00F4A00057275 /* Resources */ = {
			isa = PBXResourcesBuildPhase;
			buildActionMask = 2147483647;
			files = (
			);
			runOnlyForDeploymentPostprocessing = 0;
		};
/* End PBXResourcesBuildPhase section */

/* Begin PBXSourcesBuildPhase section */
		F2CDB74625C00F4500057275 /* Sources */ = {
			isa = PBXSourcesBuildPhase;
			buildActionMask = 2147483647;
			files = (
				F2CDB79125C013CE00057275 /* APIRouter.swift in Sources */,
				F2C27BBA25C02CD6008CF393 /* UIView+Extension.swift in Sources */,
				F2C27BBC25C02CD6008CF393 /* UICollectionView+Extensions.swift in Sources */,
				F2C27BBE25C02CD6008CF393 /* Int+Extensions.swift in Sources */,
				F2CDB7CD25C021E700057275 /* BaseViewModel.swift in Sources */,
				F2CDB7AE25C01DDC00057275 /* AppCoordinator.swift in Sources */,
				F2CDB79225C013CE00057275 /* APIConfiguration.swift in Sources */,
				F2CDB79F25C01B1F00057275 /* MealResponse.swift in Sources */,
				F2C27BBD25C02CD6008CF393 /* NSObject+Extensions.swift in Sources */,
				F2CDB7C525C0208900057275 /* MealTVC.swift in Sources */,
				F2CDB74E25C00F4500057275 /* AppDelegate.swift in Sources */,
				F2C27BB925C02CD6008CF393 /* UITableView+extensions.swift in Sources */,
				F2C27BC525C02D83008CF393 /* MealCell.swift in Sources */,
				F2C27BBB25C02CD6008CF393 /* Date+Extensions.swift in Sources */,
				F2CDB7B625C01E0200057275 /* Coordinator.swift in Sources */,
				F2CDB7A725C01D6B00057275 /* MealViewModel.swift in Sources */,
				F2CDB79425C013CE00057275 /* Constants.swift in Sources */,
				F2CDB79325C013CE00057275 /* APIClient.swift in Sources */,
			);
			runOnlyForDeploymentPostprocessing = 0;
		};
		F2CDB75C25C00F4A00057275 /* Sources */ = {
			isa = PBXSourcesBuildPhase;
			buildActionMask = 2147483647;
			files = (
				F2CDB76525C00F4A00057275 /* mealSistemaTests.swift in Sources */,
			);
			runOnlyForDeploymentPostprocessing = 0;
		};
		F2CDB76725C00F4A00057275 /* Sources */ = {
			isa = PBXSourcesBuildPhase;
			buildActionMask = 2147483647;
			files = (
				F2CDB77025C00F4A00057275 /* mealSistemaUITests.swift in Sources */,
			);
			runOnlyForDeploymentPostprocessing = 0;
		};
/* End PBXSourcesBuildPhase section */

/* Begin PBXTargetDependency section */
		F2CDB76225C00F4A00057275 /* PBXTargetDependency */ = {
			isa = PBXTargetDependency;
			target = F2CDB74925C00F4500057275 /* mealSistema */;
			targetProxy = F2CDB76125C00F4A00057275 /* PBXContainerItemProxy */;
		};
		F2CDB76D25C00F4A00057275 /* PBXTargetDependency */ = {
			isa = PBXTargetDependency;
			target = F2CDB74925C00F4500057275 /* mealSistema */;
			targetProxy = F2CDB76C25C00F4A00057275 /* PBXContainerItemProxy */;
		};
/* End PBXTargetDependency section */

/* Begin PBXVariantGroup section */
		F2CDB75825C00F4900057275 /* LaunchScreen.storyboard */ = {
			isa = PBXVariantGroup;
			children = (
				F2CDB75925C00F4900057275 /* Base */,
			);
			name = LaunchScreen.storyboard;
			sourceTree = "<group>";
		};
/* End PBXVariantGroup section */

/* Begin XCBuildConfiguration section */
		F2CDB77225C00F4A00057275 /* Debug */ = {
			isa = XCBuildConfiguration;
			buildSettings = {
				ALWAYS_SEARCH_USER_PATHS = NO;
				CLANG_ANALYZER_NONNULL = YES;
				CLANG_ANALYZER_NUMBER_OBJECT_CONVERSION = YES_AGGRESSIVE;
				CLANG_CXX_LANGUAGE_STANDARD = "gnu++14";
				CLANG_CXX_LIBRARY = "libc++";
				CLANG_ENABLE_MODULES = YES;
				CLANG_ENABLE_OBJC_ARC = YES;
				CLANG_ENABLE_OBJC_WEAK = YES;
				CLANG_WARN_BLOCK_CAPTURE_AUTORELEASING = YES;
				CLANG_WARN_BOOL_CONVERSION = YES;
				CLANG_WARN_COMMA = YES;
				CLANG_WARN_CONSTANT_CONVERSION = YES;
				CLANG_WARN_DEPRECATED_OBJC_IMPLEMENTATIONS = YES;
				CLANG_WARN_DIRECT_OBJC_ISA_USAGE = YES_ERROR;
				CLANG_WARN_DOCUMENTATION_COMMENTS = YES;
				CLANG_WARN_EMPTY_BODY = YES;
				CLANG_WARN_ENUM_CONVERSION = YES;
				CLANG_WARN_INFINITE_RECURSION = YES;
				CLANG_WARN_INT_CONVERSION = YES;
				CLANG_WARN_NON_LITERAL_NULL_CONVERSION = YES;
				CLANG_WARN_OBJC_IMPLICIT_RETAIN_SELF = YES;
				CLANG_WARN_OBJC_LITERAL_CONVERSION = YES;
				CLANG_WARN_OBJC_ROOT_CLASS = YES_ERROR;
				CLANG_WARN_QUOTED_INCLUDE_IN_FRAMEWORK_HEADER = YES;
				CLANG_WARN_RANGE_LOOP_ANALYSIS = YES;
				CLANG_WARN_STRICT_PROTOTYPES = YES;
				CLANG_WARN_SUSPICIOUS_MOVE = YES;
				CLANG_WARN_UNGUARDED_AVAILABILITY = YES_AGGRESSIVE;
				CLANG_WARN_UNREACHABLE_CODE = YES;
				CLANG_WARN__DUPLICATE_METHOD_MATCH = YES;
				COPY_PHASE_STRIP = NO;
				DEBUG_INFORMATION_FORMAT = dwarf;
				ENABLE_STRICT_OBJC_MSGSEND = YES;
				ENABLE_TESTABILITY = YES;
				GCC_C_LANGUAGE_STANDARD = gnu11;
				GCC_DYNAMIC_NO_PIC = NO;
				GCC_NO_COMMON_BLOCKS = YES;
				GCC_OPTIMIZATION_LEVEL = 0;
				GCC_PREPROCESSOR_DEFINITIONS = (
					"DEBUG=1",
					"$(inherited)",
				);
				GCC_WARN_64_TO_32_BIT_CONVERSION = YES;
				GCC_WARN_ABOUT_RETURN_TYPE = YES_ERROR;
				GCC_WARN_UNDECLARED_SELECTOR = YES;
				GCC_WARN_UNINITIALIZED_AUTOS = YES_AGGRESSIVE;
				GCC_WARN_UNUSED_FUNCTION = YES;
				GCC_WARN_UNUSED_VARIABLE = YES;
				IPHONEOS_DEPLOYMENT_TARGET = 14.3;
				MTL_ENABLE_DEBUG_INFO = INCLUDE_SOURCE;
				MTL_FAST_MATH = YES;
				ONLY_ACTIVE_ARCH = YES;
				SDKROOT = iphoneos;
				SWIFT_ACTIVE_COMPILATION_CONDITIONS = DEBUG;
				SWIFT_OPTIMIZATION_LEVEL = "-Onone";
			};
			name = Debug;
		};
		F2CDB77325C00F4A00057275 /* Release */ = {
			isa = XCBuildConfiguration;
			buildSettings = {
				ALWAYS_SEARCH_USER_PATHS = NO;
				CLANG_ANALYZER_NONNULL = YES;
				CLANG_ANALYZER_NUMBER_OBJECT_CONVERSION = YES_AGGRESSIVE;
				CLANG_CXX_LANGUAGE_STANDARD = "gnu++14";
				CLANG_CXX_LIBRARY = "libc++";
				CLANG_ENABLE_MODULES = YES;
				CLANG_ENABLE_OBJC_ARC = YES;
				CLANG_ENABLE_OBJC_WEAK = YES;
				CLANG_WARN_BLOCK_CAPTURE_AUTORELEASING = YES;
				CLANG_WARN_BOOL_CONVERSION = YES;
				CLANG_WARN_COMMA = YES;
				CLANG_WARN_CONSTANT_CONVERSION = YES;
				CLANG_WARN_DEPRECATED_OBJC_IMPLEMENTATIONS = YES;
				CLANG_WARN_DIRECT_OBJC_ISA_USAGE = YES_ERROR;
				CLANG_WARN_DOCUMENTATION_COMMENTS = YES;
				CLANG_WARN_EMPTY_BODY = YES;
				CLANG_WARN_ENUM_CONVERSION = YES;
				CLANG_WARN_INFINITE_RECURSION = YES;
				CLANG_WARN_INT_CONVERSION = YES;
				CLANG_WARN_NON_LITERAL_NULL_CONVERSION = YES;
				CLANG_WARN_OBJC_IMPLICIT_RETAIN_SELF = YES;
				CLANG_WARN_OBJC_LITERAL_CONVERSION = YES;
				CLANG_WARN_OBJC_ROOT_CLASS = YES_ERROR;
				CLANG_WARN_QUOTED_INCLUDE_IN_FRAMEWORK_HEADER = YES;
				CLANG_WARN_RANGE_LOOP_ANALYSIS = YES;
				CLANG_WARN_STRICT_PROTOTYPES = YES;
				CLANG_WARN_SUSPICIOUS_MOVE = YES;
				CLANG_WARN_UNGUARDED_AVAILABILITY = YES_AGGRESSIVE;
				CLANG_WARN_UNREACHABLE_CODE = YES;
				CLANG_WARN__DUPLICATE_METHOD_MATCH = YES;
				COPY_PHASE_STRIP = NO;
				DEBUG_INFORMATION_FORMAT = "dwarf-with-dsym";
				ENABLE_NS_ASSERTIONS = NO;
				ENABLE_STRICT_OBJC_MSGSEND = YES;
				GCC_C_LANGUAGE_STANDARD = gnu11;
				GCC_NO_COMMON_BLOCKS = YES;
				GCC_WARN_64_TO_32_BIT_CONVERSION = YES;
				GCC_WARN_ABOUT_RETURN_TYPE = YES_ERROR;
				GCC_WARN_UNDECLARED_SELECTOR = YES;
				GCC_WARN_UNINITIALIZED_AUTOS = YES_AGGRESSIVE;
				GCC_WARN_UNUSED_FUNCTION = YES;
				GCC_WARN_UNUSED_VARIABLE = YES;
				IPHONEOS_DEPLOYMENT_TARGET = 14.3;
				MTL_ENABLE_DEBUG_INFO = NO;
				MTL_FAST_MATH = YES;
				SDKROOT = iphoneos;
				SWIFT_COMPILATION_MODE = wholemodule;
				SWIFT_OPTIMIZATION_LEVEL = "-O";
				VALIDATE_PRODUCT = YES;
			};
			name = Release;
		};
		F2CDB77525C00F4A00057275 /* Debug */ = {
			isa = XCBuildConfiguration;
			buildSettings = {
				ASSETCATALOG_COMPILER_APPICON_NAME = AppIcon;
				ASSETCATALOG_COMPILER_GLOBAL_ACCENT_COLOR_NAME = AccentColor;
				CODE_SIGN_STYLE = Automatic;
				INFOPLIST_FILE = mealSistema/Info.plist;
				LD_RUNPATH_SEARCH_PATHS = (
					"$(inherited)",
					"@executable_path/Frameworks",
				);
				PRODUCT_BUNDLE_IDENTIFIER = com.aprizal.mealSistema;
				PRODUCT_NAME = "$(TARGET_NAME)";
				SWIFT_VERSION = 5.0;
				TARGETED_DEVICE_FAMILY = "1,2";
			};
			name = Debug;
		};
		F2CDB77625C00F4A00057275 /* Release */ = {
			isa = XCBuildConfiguration;
			buildSettings = {
				ASSETCATALOG_COMPILER_APPICON_NAME = AppIcon;
				ASSETCATALOG_COMPILER_GLOBAL_ACCENT_COLOR_NAME = AccentColor;
				CODE_SIGN_STYLE = Automatic;
				INFOPLIST_FILE = mealSistema/Info.plist;
				LD_RUNPATH_SEARCH_PATHS = (
					"$(inherited)",
					"@executable_path/Frameworks",
				);
				PRODUCT_BUNDLE_IDENTIFIER = com.aprizal.mealSistema;
				PRODUCT_NAME = "$(TARGET_NAME)";
				SWIFT_VERSION = 5.0;
				TARGETED_DEVICE_FAMILY = "1,2";
			};
			name = Release;
		};
		F2CDB77825C00F4A00057275 /* Debug */ = {
			isa = XCBuildConfiguration;
			buildSettings = {
				ALWAYS_EMBED_SWIFT_STANDARD_LIBRARIES = YES;
				BUNDLE_LOADER = "$(TEST_HOST)";
				CODE_SIGN_STYLE = Automatic;
				INFOPLIST_FILE = mealSistemaTests/Info.plist;
				IPHONEOS_DEPLOYMENT_TARGET = 14.3;
				LD_RUNPATH_SEARCH_PATHS = (
					"$(inherited)",
					"@executable_path/Frameworks",
					"@loader_path/Frameworks",
				);
				PRODUCT_BUNDLE_IDENTIFIER = com.aprizal.mealSistemaTests;
				PRODUCT_NAME = "$(TARGET_NAME)";
				SWIFT_VERSION = 5.0;
				TARGETED_DEVICE_FAMILY = "1,2";
				TEST_HOST = "$(BUILT_PRODUCTS_DIR)/mealSistema.app/mealSistema";
			};
			name = Debug;
		};
		F2CDB77925C00F4A00057275 /* Release */ = {
			isa = XCBuildConfiguration;
			buildSettings = {
				ALWAYS_EMBED_SWIFT_STANDARD_LIBRARIES = YES;
				BUNDLE_LOADER = "$(TEST_HOST)";
				CODE_SIGN_STYLE = Automatic;
				INFOPLIST_FILE = mealSistemaTests/Info.plist;
				IPHONEOS_DEPLOYMENT_TARGET = 14.3;
				LD_RUNPATH_SEARCH_PATHS = (
					"$(inherited)",
					"@executable_path/Frameworks",
					"@loader_path/Frameworks",
				);
				PRODUCT_BUNDLE_IDENTIFIER = com.aprizal.mealSistemaTests;
				PRODUCT_NAME = "$(TARGET_NAME)";
				SWIFT_VERSION = 5.0;
				TARGETED_DEVICE_FAMILY = "1,2";
				TEST_HOST = "$(BUILT_PRODUCTS_DIR)/mealSistema.app/mealSistema";
			};
			name = Release;
		};
		F2CDB77B25C00F4A00057275 /* Debug */ = {
			isa = XCBuildConfiguration;
			buildSettings = {
				ALWAYS_EMBED_SWIFT_STANDARD_LIBRARIES = YES;
				CODE_SIGN_STYLE = Automatic;
				INFOPLIST_FILE = mealSistemaUITests/Info.plist;
				LD_RUNPATH_SEARCH_PATHS = (
					"$(inherited)",
					"@executable_path/Frameworks",
					"@loader_path/Frameworks",
				);
				PRODUCT_BUNDLE_IDENTIFIER = com.aprizal.mealSistemaUITests;
				PRODUCT_NAME = "$(TARGET_NAME)";
				SWIFT_VERSION = 5.0;
				TARGETED_DEVICE_FAMILY = "1,2";
				TEST_TARGET_NAME = mealSistema;
			};
			name = Debug;
		};
		F2CDB77C25C00F4A00057275 /* Release */ = {
			isa = XCBuildConfiguration;
			buildSettings = {
				ALWAYS_EMBED_SWIFT_STANDARD_LIBRARIES = YES;
				CODE_SIGN_STYLE = Automatic;
				INFOPLIST_FILE = mealSistemaUITests/Info.plist;
				LD_RUNPATH_SEARCH_PATHS = (
					"$(inherited)",
					"@executable_path/Frameworks",
					"@loader_path/Frameworks",
				);
				PRODUCT_BUNDLE_IDENTIFIER = com.aprizal.mealSistemaUITests;
				PRODUCT_NAME = "$(TARGET_NAME)";
				SWIFT_VERSION = 5.0;
				TARGETED_DEVICE_FAMILY = "1,2";
				TEST_TARGET_NAME = mealSistema;
			};
			name = Release;
		};
/* End XCBuildConfiguration section */

/* Begin XCConfigurationList section */
		F2CDB74525C00F4500057275 /* Build configuration list for PBXProject "mealSistema" */ = {
			isa = XCConfigurationList;
			buildConfigurations = (
				F2CDB77225C00F4A00057275 /* Debug */,
				F2CDB77325C00F4A00057275 /* Release */,
			);
			defaultConfigurationIsVisible = 0;
			defaultConfigurationName = Release;
		};
		F2CDB77425C00F4A00057275 /* Build configuration list for PBXNativeTarget "mealSistema" */ = {
			isa = XCConfigurationList;
			buildConfigurations = (
				F2CDB77525C00F4A00057275 /* Debug */,
				F2CDB77625C00F4A00057275 /* Release */,
			);
			defaultConfigurationIsVisible = 0;
			defaultConfigurationName = Release;
		};
		F2CDB77725C00F4A00057275 /* Build configuration list for PBXNativeTarget "mealSistemaTests" */ = {
			isa = XCConfigurationList;
			buildConfigurations = (
				F2CDB77825C00F4A00057275 /* Debug */,
				F2CDB77925C00F4A00057275 /* Release */,
			);
			defaultConfigurationIsVisible = 0;
			defaultConfigurationName = Release;
		};
		F2CDB77A25C00F4A00057275 /* Build configuration list for PBXNativeTarget "mealSistemaUITests" */ = {
			isa = XCConfigurationList;
			buildConfigurations = (
				F2CDB77B25C00F4A00057275 /* Debug */,
				F2CDB77C25C00F4A00057275 /* Release */,
			);
			defaultConfigurationIsVisible = 0;
			defaultConfigurationName = Release;
		};
/* End XCConfigurationList section */

/* Begin XCRemoteSwiftPackageReference section */
		F2CDB78025C0123D00057275 /* XCRemoteSwiftPackageReference "Alamofire" */ = {
			isa = XCRemoteSwiftPackageReference;
			repositoryURL = "https://github.com/Alamofire/Alamofire.git";
			requirement = {
				kind = upToNextMajorVersion;
				minimumVersion = 5.4.1;
			};
		};
		F2CDB78625C0136100057275 /* XCRemoteSwiftPackageReference "Kingfisher" */ = {
			isa = XCRemoteSwiftPackageReference;
			repositoryURL = "https://github.com/onevcat/Kingfisher.git";
			requirement = {
				kind = upToNextMajorVersion;
				minimumVersion = 6.0.1;
			};
		};
/* End XCRemoteSwiftPackageReference section */

/* Begin XCSwiftPackageProductDependency section */
		F2CDB78125C0123D00057275 /* Alamofire */ = {
			isa = XCSwiftPackageProductDependency;
			package = F2CDB78025C0123D00057275 /* XCRemoteSwiftPackageReference "Alamofire" */;
			productName = Alamofire;
		};
		F2CDB78725C0136100057275 /* Kingfisher */ = {
			isa = XCSwiftPackageProductDependency;
			package = F2CDB78625C0136100057275 /* XCRemoteSwiftPackageReference "Kingfisher" */;
			productName = Kingfisher;
		};
/* End XCSwiftPackageProductDependency section */
	};
	rootObject = F2CDB74225C00F4500057275 /* Project object */;
}
